
Microsoft Visual Studio Solution File, Format Version 12.00
# Visual Studio Version 16
VisualStudioVersion = 16.0.30804.86
MinimumVisualStudioVersion = 10.0.40219.1
Project("{9A19103F-16F7-4668-BE54-9A1E7A4F7556}") = "DataAccess", "DataAccess\DataAccess.csproj", "{A57D1AA5-2B6D-4056-BAB8-E93C64AA2E4A}"
EndProject
Project("{9A19103F-16F7-4668-BE54-9A1E7A4F7556}") = "Business", "Business\Business.csproj", "{BD44C8A4-742C-42AE-9E89-2810DADDF1EB}"
EndProject
Project("{9A19103F-16F7-4668-BE54-9A1E7A4F7556}") = "Entities", "Entities\Entities.csproj", "{EAC5BEB7-ED3A-41B6-87E9-E059DB756473}"
EndProject
Project("{9A19103F-16F7-4668-BE54-9A1E7A4F7556}") = "ConsoleUI", "ConsoleUI\ConsoleUI.csproj", "{591DFF85-F9C2-47E3-BE46-0C068A763280}"
EndProject
Project("{9A19103F-16F7-4668-BE54-9A1E7A4F7556}") = "Core", "Core\Core.csproj", "{15576D1C-D837-4836-A0C8-1C63A060AAB3}"
EndProject
Project("{9A19103F-16F7-4668-BE54-9A1E7A4F7556}") = "WebAPI", "WebAPI\WebAPI.csproj", "{2EAC4DD8-0444-4763-AF8E-6E3E0E8F143D}"
EndProject
Project("{2150E333-8FDC-42A3-9474-1A3956D46DE8}") = "Image", "Image", "{B93A0A02-BB9C-4E9D-8DC7-7BCFBDE94129}"
	ProjectSection(SolutionItems) = preProject
		..\logo.PNG = ..\logo.PNG
	EndProjectSection
EndProject
Project("{2150E333-8FDC-42A3-9474-1A3956D46DE8}") = "CarImage", "CarImage", "{E3604BE9-3B6F-480C-B3E0-C85D2FF69838}"
EndProject
Global
	GlobalSection(SolutionConfigurationPlatforms) = preSolution
		Debug|Any CPU = Debug|Any CPU
		Release|Any CPU = Release|Any CPU
	EndGlobalSection
	GlobalSection(ProjectConfigurationPlatforms) = postSolution
		{A57D1AA5-2B6D-4056-BAB8-E93C64AA2E4A}.Debug|Any CPU.ActiveCfg = Debug|Any CPU
		{A57D1AA5-2B6D-4056-BAB8-E93C64AA2E4A}.Debug|Any CPU.Build.0 = Debug|Any CPU
		{A57D1AA5-2B6D-4056-BAB8-E93C64AA2E4A}.Release|Any CPU.ActiveCfg = Release|Any CPU
		{A57D1AA5-2B6D-4056-BAB8-E93C64AA2E4A}.Release|Any CPU.Build.0 = Release|Any CPU
		{BD44C8A4-742C-42AE-9E89-2810DADDF1EB}.Debug|Any CPU.ActiveCfg = Debug|Any CPU
		{BD44C8A4-742C-42AE-9E89-2810DADDF1EB}.Debug|Any CPU.Build.0 = Debug|Any CPU
		{BD44C8A4-742C-42AE-9E89-2810DADDF1EB}.Release|Any CPU.ActiveCfg = Release|Any CPU
		{BD44C8A4-742C-42AE-9E89-2810DADDF1EB}.Release|Any CPU.Build.0 = Release|Any CPU
		{EAC5BEB7-ED3A-41B6-87E9-E059DB756473}.Debug|Any CPU.ActiveCfg = Debug|Any CPU
		{EAC5BEB7-ED3A-41B6-87E9-E059DB756473}.Debug|Any CPU.Build.0 = Debug|Any CPU
		{EAC5BEB7-ED3A-41B6-87E9-E059DB756473}.Release|Any CPU.ActiveCfg = Release|Any CPU
		{EAC5BEB7-ED3A-41B6-87E9-E059DB756473}.Release|Any CPU.Build.0 = Release|Any CPU
		{591DFF85-F9C2-47E3-BE46-0C068A763280}.Debug|Any CPU.ActiveCfg = Debug|Any CPU
		{591DFF85-F9C2-47E3-BE46-0C068A763280}.Debug|Any CPU.Build.0 = Debug|Any CPU
		{591DFF85-F9C2-47E3-BE46-0C068A763280}.Release|Any CPU.ActiveCfg = Release|Any CPU
		{591DFF85-F9C2-47E3-BE46-0C068A763280}.Release|Any CPU.Build.0 = Release|Any CPU
		{15576D1C-D837-4836-A0C8-1C63A060AAB3}.Debug|Any CPU.ActiveCfg = Debug|Any CPU
		{15576D1C-D837-4836-A0C8-1C63A060AAB3}.Debug|Any CPU.Build.0 = Debug|Any CPU
		{15576D1C-D837-4836-A0C8-1C63A060AAB3}.Release|Any CPU.ActiveCfg = Release|Any CPU
		{15576D1C-D837-4836-A0C8-1C63A060AAB3}.Release|Any CPU.Build.0 = Release|Any CPU
		{2EAC4DD8-0444-4763-AF8E-6E3E0E8F143D}.Debug|Any CPU.ActiveCfg = Debug|Any CPU
		{2EAC4DD8-0444-4763-AF8E-6E3E0E8F143D}.Debug|Any CPU.Build.0 = Debug|Any CPU
		{2EAC4DD8-0444-4763-AF8E-6E3E0E8F143D}.Release|Any CPU.ActiveCfg = Release|Any CPU
		{2EAC4DD8-0444-4763-AF8E-6E3E0E8F143D}.Release|Any CPU.Build.0 = Release|Any CPU
	EndGlobalSection
	GlobalSection(SolutionProperties) = preSolution
		HideSolutionNode = FALSE
	EndGlobalSection
	GlobalSection(NestedProjects) = preSolution
		{E3604BE9-3B6F-480C-B3E0-C85D2FF69838} = {B93A0A02-BB9C-4E9D-8DC7-7BCFBDE94129}
	EndGlobalSection
	GlobalSection(ExtensibilityGlobals) = postSolution
		SolutionGuid = {324B76D1-AA13-4EFA-9571-F316DBC65A70}
	EndGlobalSection
EndGlobal
